
Microsoft Visual Studio Solution File, Format Version 12.00
# Visual Studio Version 17
VisualStudioVersion = 17.11.35327.3
MinimumVisualStudioVersion = 10.0.40219.1
Project("{9A19103F-16F7-4668-BE54-9A1E7A4F7556}") = "BulkyWeb", "Bulky\BulkyWeb.csproj", "{24876795-C86F-4639-96FB-29AD4D96D534}"
EndProject
Project("{9A19103F-16F7-4668-BE54-9A1E7A4F7556}") = "BulkyWebRazor", "BulkyWebRazor\BulkyWebRazor.csproj", "{316257A9-8161-4ACF-883C-F8939FA36A08}"
EndProject
Project("{9A19103F-16F7-4668-BE54-9A1E7A4F7556}") = "Bulky.DataAccess", "Bulky.DataAccess\Bulky.DataAccess.csproj", "{B275A090-25CA-4DDB-AD2D-11A19AFA63FF}"
EndProject
Project("{9A19103F-16F7-4668-BE54-9A1E7A4F7556}") = "Bulky.Models", "Bulky.Models\Bulky.Models.csproj", "{30428AD5-6BCB-4702-BA72-8CE908E421B0}"
EndProject
Project("{9A19103F-16F7-4668-BE54-9A1E7A4F7556}") = "Bulky.Utility", "Bulky.Utility\Bulky.Utility.csproj", "{9DC2951F-0072-45A6-9145-EC30C5141E70}"
EndProject
Global
	GlobalSection(SolutionConfigurationPlatforms) = preSolution
		Debug|Any CPU = Debug|Any CPU
		Release|Any CPU = Release|Any CPU
	EndGlobalSection
	GlobalSection(ProjectConfigurationPlatforms) = postSolution
		{24876795-C86F-4639-96FB-29AD4D96D534}.Debug|Any CPU.ActiveCfg = Debug|Any CPU
		{24876795-C86F-4639-96FB-29AD4D96D534}.Debug|Any CPU.Build.0 = Debug|Any CPU
		{24876795-C86F-4639-96FB-29AD4D96D534}.Release|Any CPU.ActiveCfg = Release|Any CPU
		{24876795-C86F-4639-96FB-29AD4D96D534}.Release|Any CPU.Build.0 = Release|Any CPU
		{316257A9-8161-4ACF-883C-F8939FA36A08}.Debug|Any CPU.ActiveCfg = Debug|Any CPU
		{316257A9-8161-4ACF-883C-F8939FA36A08}.Debug|Any CPU.Build.0 = Debug|Any CPU
		{316257A9-8161-4ACF-883C-F8939FA36A08}.Release|Any CPU.ActiveCfg = Release|Any CPU
		{316257A9-8161-4ACF-883C-F8939FA36A08}.Release|Any CPU.Build.0 = Release|Any CPU
		{B275A090-25CA-4DDB-AD2D-11A19AFA63FF}.Debug|Any CPU.ActiveCfg = Debug|Any CPU
		{B275A090-25CA-4DDB-AD2D-11A19AFA63FF}.Debug|Any CPU.Build.0 = Debug|Any CPU
		{B275A090-25CA-4DDB-AD2D-11A19AFA63FF}.Release|Any CPU.ActiveCfg = Release|Any CPU
		{B275A090-25CA-4DDB-AD2D-11A19AFA63FF}.Release|Any CPU.Build.0 = Release|Any CPU
		{30428AD5-6BCB-4702-BA72-8CE908E421B0}.Debug|Any CPU.ActiveCfg = Debug|Any CPU
		{30428AD5-6BCB-4702-BA72-8CE908E421B0}.Debug|Any CPU.Build.0 = Debug|Any CPU
		{30428AD5-6BCB-4702-BA72-8CE908E421B0}.Release|Any CPU.ActiveCfg = Release|Any CPU
		{30428AD5-6BCB-4702-BA72-8CE908E421B0}.Release|Any CPU.Build.0 = Release|Any CPU
		{9DC2951F-0072-45A6-9145-EC30C5141E70}.Debug|Any CPU.ActiveCfg = Debug|Any CPU
		{9DC2951F-0072-45A6-9145-EC30C5141E70}.Debug|Any CPU.Build.0 = Debug|Any CPU
		{9DC2951F-0072-45A6-9145-EC30C5141E70}.Release|Any CPU.ActiveCfg = Release|Any CPU
		{9DC2951F-0072-45A6-9145-EC30C5141E70}.Release|Any CPU.Build.0 = Release|Any CPU
	EndGlobalSection
	GlobalSection(SolutionProperties) = preSolution
		HideSolutionNode = FALSE
	EndGlobalSection
	GlobalSection(ExtensibilityGlobals) = postSolution
		SolutionGuid = {A034F7B3-2F57-4C8B-A650-FD8505122D59}
	EndGlobalSection
EndGlobal
